// !$*UTF8*$!
{
	archiveVersion = 1;
	classes = {};
	objectVersion = 56;
	objects = {
		015D4F59578764BA35DF5B0D = { isa = PBXFileReference; lastKnownFileType = folder; path = "../Kite/Resources/Licenses"; sourceTree = "<group>"; };
		ED4BD868A1434FD71F128850 = { isa = PBXBuildFile; fileRef = 015D4F59578764BA35DF5B0D; };
		E78B7F2E4607254E8D5409CA = { isa = PBXFileReference; lastKnownFileType = sourcecode.swift; path = "KitePreviewApp.swift"; sourceTree = "<group>"; };
		C170C3C2819CB1C9A6FECA56 = { isa = PBXBuildFile; fileRef = E78B7F2E4607254E8D5409CA; };
		6482E6C82571E179D21BBB85 = { isa = PBXFileReference; lastKnownFileType = sourcecode.swift; path = "SubscriptionLoginPreview.swift"; sourceTree = "<group>"; };
		A9AA9013AAC56B6CD25F1A0F = { isa = PBXBuildFile; fileRef = 6482E6C82571E179D21BBB85; };
		74F0FF723503450F62B7CFA6 = { isa = PBXFileReference; lastKnownFileType = sourcecode.swift; path = "../Kite/Application/SubscriptionLoginForm.swift"; sourceTree = "<group>"; };
		14175BDE869EA8134AD0914E = { isa = PBXBuildFile; fileRef = 74F0FF723503450F62B7CFA6; };
		5B097BFBD4DD4B6E82119CFB = { isa = PBXFileReference; lastKnownFileType = sourcecode.swift; path = "../Kite/UI/Theme.swift"; sourceTree = "<group>"; };
		A3257094849858FB467A5769 = { isa = PBXBuildFile; fileRef = 5B097BFBD4DD4B6E82119CFB; };
		37915D325BA8E4FCA0806A27 = { isa = PBXFileReference; lastKnownFileType = sourcecode.swift; path = "../Kite/UI/CardControls.swift"; sourceTree = "<group>"; };
		DB91AEA1C455E4AA0A9D9EB5 = { isa = PBXBuildFile; fileRef = 37915D325BA8E4FCA0806A27; };
		C2CFC786E08302F155EC85F1 = { isa = PBXFileReference; lastKnownFileType = sourcecode.swift; path = "../Kite/UI/PaneButtons.swift"; sourceTree = "<group>"; };
		F56807C0E96CE53626A1E843 = { isa = PBXBuildFile; fileRef = C2CFC786E08302F155EC85F1; };
		71F43FE9982DFF013A3068D5 = { isa = PBXFileReference; lastKnownFileType = sourcecode.swift; path = "../Kite/UI/InterfaceMode.swift"; sourceTree = "<group>"; };
		52780A6FAE5F51F0AE99C944 = { isa = PBXBuildFile; fileRef = 71F43FE9982DFF013A3068D5; };
		7A34A0B871134C0034F42AE4 = { isa = PBXFileReference; lastKnownFileType = sourcecode.swift; path = "../Kite/UI/ControlPointer.swift"; sourceTree = "<group>"; };
		8EB5804E6035B8D102A1A330 = { isa = PBXBuildFile; fileRef = 7A34A0B871134C0034F42AE4; };
		55326B56C259ADE5CEEF47C5 = { isa = PBXFileReference; lastKnownFileType = sourcecode.swift; path = "../Kite/UI/Appearance.swift"; sourceTree = "<group>"; };
		D167F79DDFE38D4C4CFD055D = { isa = PBXBuildFile; fileRef = 55326B56C259ADE5CEEF47C5; };
		679804B64163C9237F493685 = { isa = PBXFileReference; lastKnownFileType = sourcecode.swift; path = "../Kite/UI/Typing.swift"; sourceTree = "<group>"; };
		2DFBD329E2C26C9E11172418 = { isa = PBXBuildFile; fileRef = 679804B64163C9237F493685; };
		DCDDFC24CD010935941AD06B = { isa = PBXFileReference; lastKnownFileType = sourcecode.swift; path = "../Kite/UI/Toast.swift"; sourceTree = "<group>"; };
		9E26CAEE9DF0051CC82DB807 = { isa = PBXBuildFile; fileRef = DCDDFC24CD010935941AD06B; };
		56236561BDA0FE3C56ACE59D = { isa = PBXFileReference; lastKnownFileType = sourcecode.swift; path = "../Kite/UI/ActionBar.swift"; sourceTree = "<group>"; };
		1AAB5283DFADA3C58F5E2421 = { isa = PBXBuildFile; fileRef = 56236561BDA0FE3C56ACE59D; };
		EB98922B1BAF132799320727 = { isa = PBXFileReference; lastKnownFileType = sourcecode.swift; path = "../Kite/Workspace/PaneHeader.swift"; sourceTree = "<group>"; };
		8993F398B1033577F0D9B3C1 = { isa = PBXBuildFile; fileRef = EB98922B1BAF132799320727; };
		9468C580F74A2269AB84477B = { isa = PBXFileReference; lastKnownFileType = folder.assetcatalog; path = "../Kite/Assets.xcassets"; sourceTree = "<group>"; };
		6DD1F2431CA3FD051AF3E945 = { isa = PBXBuildFile; fileRef = 9468C580F74A2269AB84477B; };
		38A007151ABE87CC01A5B6E9 = { isa = PBXFileReference; explicitFileType = wrapper.application; path = KitePreview.app; sourceTree = BUILT_PRODUCTS_DIR; };
		64292B1C2B2E13EAD8788FC8 = { isa = PBXGroup; children = (015D4F59578764BA35DF5B0D,E78B7F2E4607254E8D5409CA,6482E6C82571E179D21BBB85,74F0FF723503450F62B7CFA6,5B097BFBD4DD4B6E82119CFB,37915D325BA8E4FCA0806A27,C2CFC786E08302F155EC85F1,71F43FE9982DFF013A3068D5,7A34A0B871134C0034F42AE4,55326B56C259ADE5CEEF47C5,679804B64163C9237F493685,DCDDFC24CD010935941AD06B,56236561BDA0FE3C56ACE59D,EB98922B1BAF132799320727,9468C580F74A2269AB84477B,FBDC4F23F93125BBEEAE800C,); sourceTree = "<group>"; };
		FBDC4F23F93125BBEEAE800C = { isa = PBXGroup; name = Products; children = (38A007151ABE87CC01A5B6E9,); sourceTree = "<group>"; };
		BCE16DD0260827ECF338C787 = { isa = PBXSourcesBuildPhase; buildActionMask = 2147483647; files = (C170C3C2819CB1C9A6FECA56,A9AA9013AAC56B6CD25F1A0F,14175BDE869EA8134AD0914E,A3257094849858FB467A5769,DB91AEA1C455E4AA0A9D9EB5,F56807C0E96CE53626A1E843,52780A6FAE5F51F0AE99C944,8EB5804E6035B8D102A1A330,D167F79DDFE38D4C4CFD055D,2DFBD329E2C26C9E11172418,9E26CAEE9DF0051CC82DB807,1AAB5283DFADA3C58F5E2421,8993F398B1033577F0D9B3C1,); runOnlyForDeploymentPostprocessing = 0; };
		0189424A5A60FED329FA868E = { isa = PBXResourcesBuildPhase; buildActionMask = 2147483647; files = (ED4BD868A1434FD71F128850,6DD1F2431CA3FD051AF3E945,); runOnlyForDeploymentPostprocessing = 0; };
		7561BFB015D8F536760CB671 = { isa = PBXFrameworksBuildPhase; buildActionMask = 2147483647; files = (); runOnlyForDeploymentPostprocessing = 0; };
		0E8A3AD980EC179856012B7E = { isa = PBXNativeTarget; buildConfigurationList = F497FD0CF9CA1625C4A860DE; buildPhases = (BCE16DD0260827ECF338C787,7561BFB015D8F536760CB671,0189424A5A60FED329FA868E,); buildRules = (); dependencies = (); name = KitePreview; productName = KitePreview; productReference = 38A007151ABE87CC01A5B6E9; productType = "com.apple.product-type.application"; };
		98F54143AB4E86B28C3AFEE0 = { isa = PBXProject; attributes = { LastUpgradeCheck = 2700; }; buildConfigurationList = 49EA05A46B1A86EA7E413B43; compatibilityVersion = "Xcode 14.0"; developmentRegion = "zh-Hans"; knownRegions = ("zh-Hans", Base,); mainGroup = 64292B1C2B2E13EAD8788FC8; productRefGroup = FBDC4F23F93125BBEEAE800C; projectDirPath = ""; projectRoot = ""; targets = (0E8A3AD980EC179856012B7E,); };
		E6DE6C99132752C914FEF632 = { isa = XCBuildConfiguration; buildSettings = { CLANG_ENABLE_MODULES = YES;
            CLANG_ENABLE_OBJC_ARC = YES;
            MACOSX_DEPLOYMENT_TARGET = 26.0;
            SDKROOT = macosx;
            SWIFT_VERSION = 6.0;
            SWIFT_DEFAULT_ACTOR_ISOLATION = MainActor;
            SWIFT_APPROACHABLE_CONCURRENCY = YES;
            SWIFT_UPCOMING_FEATURE_MEMBER_IMPORT_VISIBILITY = YES;
            SWIFT_COMPILATION_MODE = incremental;
            SWIFT_OPTIMIZATION_LEVEL = "-O";
            SWIFT_ACTIVE_COMPILATION_CONDITIONS = "";
            COMPILER_INDEX_STORE_ENABLE = NO;
            DEBUG_INFORMATION_FORMAT = dwarf;
            ONLY_ACTIVE_ARCH = YES; }; name = Release; };
		49EA05A46B1A86EA7E413B43 = { isa = XCConfigurationList; buildConfigurations = (E6DE6C99132752C914FEF632,); defaultConfigurationIsVisible = 0; defaultConfigurationName = Release; };
		639A7CA24D39909E713B47F7 = { isa = XCBuildConfiguration; buildSettings = { PRODUCT_NAME = "$(TARGET_NAME)";
            PRODUCT_BUNDLE_IDENTIFIER = com.sainner.kite.preview;
            GENERATE_INFOPLIST_FILE = YES;
            INFOPLIST_KEY_CFBundleDisplayName = "Kite 样式预览";
            INFOPLIST_KEY_LSApplicationCategoryType = "public.app-category.developer-tools";
            CURRENT_PROJECT_VERSION = 1;
            MARKETING_VERSION = 0.1;
            ASSETCATALOG_COMPILER_APPICON_NAME = AppIcon;
            ASSETCATALOG_COMPILER_GLOBAL_ACCENT_COLOR_NAME = AccentColor;
            CODE_SIGN_STYLE = Manual;
            CODE_SIGN_IDENTITY = "-";
            ENABLE_HARDENED_RUNTIME = YES;
            SUPPORTED_PLATFORMS = macosx; }; name = Release; };
		F497FD0CF9CA1625C4A860DE = { isa = XCConfigurationList; buildConfigurations = (639A7CA24D39909E713B47F7,); defaultConfigurationIsVisible = 0; defaultConfigurationName = Release; };
	};
	rootObject = 98F54143AB4E86B28C3AFEE0;
}
