{
  "lockfileVersion": 1,
  "configVersion": 1,
  "workspaces": {
    "": {
      "name": "kite-plugin-boundary-spike",
      "dependencies": {
        "@modelcontextprotocol/client": "2.2.0",
        "@modelcontextprotocol/core": "2.2.0",
        "@modelcontextprotocol/ext-apps": "2.0.3",
        "@modelcontextprotocol/server": "2.2.0",
        "deno": "2.9.6",
        "zod": "4.3.6",
      },
    },
  },
  "packages": {
    "@deno/darwin-arm64": ["@deno/darwin-arm64@2.9.6", "", { "os": "darwin", "cpu": "arm64" }, "sha512-V8uO1Aolrl/yvdMb5lOtgtigs8YuZBjrOrgviVMiYkQ0swymFfzkae1wZak4Xi24t7vf7d/eiMb/7ryjjVm+tg=="],

    "@deno/darwin-x64": ["@deno/darwin-x64@2.9.6", "", { "os": "darwin", "cpu": "x64" }, "sha512-tPi3CWPRdjW1MaWlvWjORE7Ass5SADdWdj1BF1Q1PEdzi+5u/mC5YhmZzniMiPr81PpaFeqjXaLAsfb8lFsZ0Q=="],

    "@deno/linux-arm64-glibc": ["@deno/linux-arm64-glibc@2.9.6", "", { "os": "linux", "cpu": "arm64" }, "sha512-poqhoH9B3nYloigEMPT5t8HY+wBeiuea1An5Q7fqgJzP0SYmWsoS/oUnWO/pEiA4ofzIBy1Elt/in58xKtxEoQ=="],

    "@deno/linux-x64-glibc": ["@deno/linux-x64-glibc@2.9.6", "", { "os": "linux", "cpu": "x64" }, "sha512-3md4TKLCuzsLDmfOoC5KN7NAZaxSVkMgm64vg6foD00JBADCpYS2/5QqXfzgnP5ZQz3iLP9vBQJtEgc116OAoQ=="],

    "@deno/win32-arm64": ["@deno/win32-arm64@2.9.6", "", { "os": "win32", "cpu": "arm64" }, "sha512-iHSHs89g2Uy6k0bGHmXkgzTIW8WXImYPpvqRRO/zNsK1/N79PcjvAth1TuQatuIALcLdocstPs/PAYtndbfr0A=="],

    "@deno/win32-x64": ["@deno/win32-x64@2.9.6", "", { "os": "win32", "cpu": "x64" }, "sha512-qRGnmVz/Ea6UWPht/S3xFRK17UZ/ls38DSVfgGB17fpASLxPkksqzWUI/BzL9YYoOknYzfc94mySGyInZu/JXw=="],

    "@modelcontextprotocol/client": ["@modelcontextprotocol/client@2.2.0", "", { "dependencies": { "@modelcontextprotocol/core": "2.2.0", "cross-spawn": "^7.0.5", "eventsource": "^3.0.2", "eventsource-parser": "^3.0.0", "jose": "^6.1.3", "pkce-challenge": "^5.0.0", "zod": "^4.2.0" } }, "sha512-LxCou/CSYQ6dwEnjhLZY0KnEuc8V4UJ3IEQCl/uR2yHobSQIEdJKUlKLRYRF5i5FqRGHy1eK7une3aAWDHLtig=="],

    "@modelcontextprotocol/core": ["@modelcontextprotocol/core@2.2.0", "", { "dependencies": { "zod": "^4.2.0" } }, "sha512-iLhmprRmWI8EcosOA3wVvww22z02NkgqhV4fBH6f/odQBsi7xnJc0HGmi21yWO+/iKw2yzqVE127Zhna5/+JXw=="],

    "@modelcontextprotocol/ext-apps": ["@modelcontextprotocol/ext-apps@2.0.3", "", { "dependencies": { "@standard-schema/spec": "^1.1.0" }, "peerDependencies": { "@modelcontextprotocol/client": "^2.0.0", "@modelcontextprotocol/core": "^2.0.0", "@modelcontextprotocol/server": "^2.0.0", "react": "^17.0.0 || ^18.0.0 || ^19.0.0", "react-dom": "^17.0.0 || ^18.0.0 || ^19.0.0", "zod": "^4.2.0" }, "optionalPeers": ["@modelcontextprotocol/server", "react", "react-dom"] }, "sha512-Tn+4+cyhO4f4cQSDxNyLiIfEE+qlTTuIbWBJB8JTinEXOhDYgCT4wDTQplxD9MBYZH5pCYGC59GaxiwIT4bu8w=="],

    "@modelcontextprotocol/server": ["@modelcontextprotocol/server@2.2.0", "", { "dependencies": { "@modelcontextprotocol/core": "2.2.0", "zod": "^4.2.0" } }, "sha512-qFnltjus6Gk8Lx6J1w2RXmr3YPN22MNT6qD6zjAkaiWIlFIFxWClz0rXHNuJF/KSUyn5YGhkSvXkWDbQHVLFEQ=="],

    "@standard-schema/spec": ["@standard-schema/spec@1.1.0", "", {}, "sha512-l2aFy5jALhniG5HgqrD6jXLi/rUWrKvqN/qJx6yoJsgKhblVd+iqqU4RCXavm/jPityDo5TCvKMnpjKnOriy0w=="],

    "cross-spawn": ["cross-spawn@7.0.6", "", { "dependencies": { "path-key": "^3.1.0", "shebang-command": "^2.0.0", "which": "^2.0.1" } }, "sha512-uV2QOWP2nWzsy2aMp8aRibhi9dlzF5Hgh5SHaB9OiTGEyDTiJJyx0uy51QXdyWbtAHNua4XJzUKca3OzKUd3vA=="],

    "deno": ["deno@2.9.6", "", { "optionalDependencies": { "@deno/darwin-arm64": "2.9.6", "@deno/darwin-x64": "2.9.6", "@deno/linux-arm64-glibc": "2.9.6", "@deno/linux-x64-glibc": "2.9.6", "@deno/win32-arm64": "2.9.6", "@deno/win32-x64": "2.9.6" }, "bin": { "deno": "bin.cjs" } }, "sha512-cr16GxYiUeH1juNvFTMOxt99V5QRVmANfy5UsZvE5hjC6P/o4Op/MBbRhLeBOL8WJpV6tr9hb+Kjb1MW0nEoVg=="],

    "eventsource": ["eventsource@3.0.7", "", { "dependencies": { "eventsource-parser": "^3.0.1" } }, "sha512-CRT1WTyuQoD771GW56XEZFQ/ZoSfWid1alKGDYMmkt2yl8UXrVR4pspqWNEcqKvVIzg6PAltWjxcSSPrboA4iA=="],

    "eventsource-parser": ["eventsource-parser@3.1.1", "", {}, "sha512-EKN1vKAMcZ8MlYMpaNuxN6R9yakzH6uajHcHVTqWJzvu5pWw9DyhbP35HH8MVBQ+dZjAfDxk+A8NiR9KWaXiyQ=="],

    "isexe": ["isexe@2.0.0", "", {}, "sha512-RHxMLp9lnKHGHRng9QFhRCMbYAcVpn69smSGcq3f36xjgVVWThj4qqLbTLlq7Ssj8B+fIQ1EuCEGI2lKsyQeIw=="],

    "jose": ["jose@6.2.12", "", {}, "sha512-9NiFmJEex0sy2Dk58j2UGBSHgUs2ypF9eZSu4L6vjOX3Dp96Sw1F3uL+H+D1sx02jZZdzUT0HgvCy59CuvXcWw=="],

    "path-key": ["path-key@3.1.1", "", {}, "sha512-ojmeN0qd+y0jszEtoY48r0Peq5dwMEkIlCOu6Q5f41lfkswXuKtYrhgoTpLnyIcHm24Uhqx+5Tqm2InSwLhE6Q=="],

    "pkce-challenge": ["pkce-challenge@5.0.1", "", {}, "sha512-wQ0b/W4Fr01qtpHlqSqspcj3EhBvimsdh0KlHhH8HRZnMsEa0ea2fTULOXOS9ccQr3om+GcGRk4e+isrZWV8qQ=="],

    "shebang-command": ["shebang-command@2.0.0", "", { "dependencies": { "shebang-regex": "^3.0.0" } }, "sha512-kHxr2zZpYtdmrN1qDjrrX/Z1rR1kG8Dx+gkpK1G4eXmvXswmcE1hTWBWYUzlraYw1/yZp6YuDY77YtvbN0dmDA=="],

    "shebang-regex": ["shebang-regex@3.0.0", "", {}, "sha512-7++dFhtcx3353uBaq8DDR4NuxBetBzC7ZQOhmTQInHEd6bSrXdiEyzCvG07Z44UYdLShWUyXt5M/yhz8ekcb1A=="],

    "which": ["which@2.0.2", "", { "dependencies": { "isexe": "^2.0.0" }, "bin": { "node-which": "./bin/node-which" } }, "sha512-BLI3Tl1TW3Pvl70l3yq3Y64i+awpwXqsGBYWkkqMtnbXgrMD+yj7rhW0kuEDxzJaYXGjEW5ogapKNMEKNMjibA=="],

    "zod": ["zod@4.3.6", "", {}, "sha512-rftlrkhHZOcjDwkGlnUtZZkvaPHCsDATp4pGpuOOMDaTdDDXF91wuVDJoWoPsKX/3YPQ5fHuF3STjcYyKr+Qhg=="],
  }
}
